
Microsoft Visual Studio Solution File, Format Version 12.00
# Visual Studio Version 17
VisualStudioVersion = 17.3.32825.248
MinimumVisualStudioVersion = 10.0.40219.1
Project("{8BC9CEB8-8B4A-11D0-8D11-00A0C91BC942}") = "Juez28", "Juez28\Juez28.vcxproj", "{687F2137-E3EB-4AA5-B293-CEA312BED799}"
EndProject
Global
	GlobalSection(SolutionConfigurationPlatforms) = preSolution
		Debug|x64 = Debug|x64
		Debug|x86 = Debug|x86
		Release|x64 = Release|x64
		Release|x86 = Release|x86
	EndGlobalSection
	GlobalSection(ProjectConfigurationPlatforms) = postSolution
		{687F2137-E3EB-4AA5-B293-CEA312BED799}.Debug|x64.ActiveCfg = Debug|x64
		{687F2137-E3EB-4AA5-B293-CEA312BED799}.Debug|x64.Build.0 = Debug|x64
		{687F2137-E3EB-4AA5-B293-CEA312BED799}.Debug|x86.ActiveCfg = Debug|Win32
		{687F2137-E3EB-4AA5-B293-CEA312BED799}.Debug|x86.Build.0 = Debug|Win32
		{687F2137-E3EB-4AA5-B293-CEA312BED799}.Release|x64.ActiveCfg = Release|x64
		{687F2137-E3EB-4AA5-B293-CEA312BED799}.Release|x64.Build.0 = Release|x64
		{687F2137-E3EB-4AA5-B293-CEA312BED799}.Release|x86.ActiveCfg = Release|Win32
		{687F2137-E3EB-4AA5-B293-CEA312BED799}.Release|x86.Build.0 = Release|Win32
	EndGlobalSection
	GlobalSection(SolutionProperties) = preSolution
		HideSolutionNode = FALSE
	EndGlobalSection
	GlobalSection(ExtensibilityGlobals) = postSolution
		SolutionGuid = {6925AB21-0EC8-44B4-9F34-C9E7A5109B14}
	EndGlobalSection
EndGlobal
